
Microsoft Visual Studio Solution File, Format Version 12.00
# Visual Studio 15
VisualStudioVersion = 15.0.28307.106
MinimumVisualStudioVersion = 10.0.40219.1
Project("{FAE04EC0-301F-11D3-BF4B-00C04F79EFBC}") = "button.Android", "button\button.Android\button.Android.csproj", "{D6032825-B44A-4A8C-A30C-01B88EED6EC4}"
EndProject
Project("{FAE04EC0-301F-11D3-BF4B-00C04F79EFBC}") = "button.iOS", "button\button.iOS\button.iOS.csproj", "{BFDDCA4D-D615-46C7-8192-B5AF8B3C2F81}"
EndProject
Project("{FAE04EC0-301F-11D3-BF4B-00C04F79EFBC}") = "button.UWP", "button\button.UWP\button.UWP.csproj", "{105AB691-D8FE-46C2-8F43-B700B98045CE}"
EndProject
Project("{FAE04EC0-301F-11D3-BF4B-00C04F79EFBC}") = "button", "button\button\button.csproj", "{0FCF1535-C065-43BB-A7F0-89F334673B79}"
EndProject
Global
	GlobalSection(SolutionConfigurationPlatforms) = preSolution
		Ad-Hoc|Any CPU = Ad-Hoc|Any CPU
		Ad-Hoc|ARM = Ad-Hoc|ARM
		Ad-Hoc|iPhone = Ad-Hoc|iPhone
		Ad-Hoc|iPhoneSimulator = Ad-Hoc|iPhoneSimulator
		Ad-Hoc|x64 = Ad-Hoc|x64
		Ad-Hoc|x86 = Ad-Hoc|x86
		AppStore|Any CPU = AppStore|Any CPU
		AppStore|ARM = AppStore|ARM
		AppStore|iPhone = AppStore|iPhone
		AppStore|iPhoneSimulator = AppStore|iPhoneSimulator
		AppStore|x64 = AppStore|x64
		AppStore|x86 = AppStore|x86
		Debug|Any CPU = Debug|Any CPU
		Debug|ARM = Debug|ARM
		Debug|iPhone = Debug|iPhone
		Debug|iPhoneSimulator = Debug|iPhoneSimulator
		Debug|x64 = Debug|x64
		Debug|x86 = Debug|x86
		Release|Any CPU = Release|Any CPU
		Release|ARM = Release|ARM
		Release|iPhone = Release|iPhone
		Release|iPhoneSimulator = Release|iPhoneSimulator
		Release|x64 = Release|x64
		Release|x86 = Release|x86
	EndGlobalSection
	GlobalSection(ProjectConfigurationPlatforms) = postSolution
		{D6032825-B44A-4A8C-A30C-01B88EED6EC4}.Ad-Hoc|Any CPU.ActiveCfg = Release|Any CPU
		{D6032825-B44A-4A8C-A30C-01B88EED6EC4}.Ad-Hoc|Any CPU.Build.0 = Release|Any CPU
		{D6032825-B44A-4A8C-A30C-01B88EED6EC4}.Ad-Hoc|Any CPU.Deploy.0 = Release|Any CPU
		{D6032825-B44A-4A8C-A30C-01B88EED6EC4}.Ad-Hoc|ARM.ActiveCfg = Release|Any CPU
		{D6032825-B44A-4A8C-A30C-01B88EED6EC4}.Ad-Hoc|ARM.Build.0 = Release|Any CPU
		{D6032825-B44A-4A8C-A30C-01B88EED6EC4}.Ad-Hoc|ARM.Deploy.0 = Release|Any CPU
		{D6032825-B44A-4A8C-A30C-01B88EED6EC4}.Ad-Hoc|iPhone.ActiveCfg = Release|Any CPU
		{D6032825-B44A-4A8C-A30C-01B88EED6EC4}.Ad-Hoc|iPhone.Build.0 = Release|Any CPU
		{D6032825-B44A-4A8C-A30C-01B88EED6EC4}.Ad-Hoc|iPhone.Deploy.0 = Release|Any CPU
		{D6032825-B44A-4A8C-A30C-01B88EED6EC4}.Ad-Hoc|iPhoneSimulator.ActiveCfg = Release|Any CPU
		{D6032825-B44A-4A8C-A30C-01B88EED6EC4}.Ad-Hoc|iPhoneSimulator.Build.0 = Release|Any CPU
		{D6032825-B44A-4A8C-A30C-01B88EED6EC4}.Ad-Hoc|iPhoneSimulator.Deploy.0 = Release|Any CPU
		{D6032825-B44A-4A8C-A30C-01B88EED6EC4}.Ad-Hoc|x64.ActiveCfg = Release|Any CPU
		{D6032825-B44A-4A8C-A30C-01B88EED6EC4}.Ad-Hoc|x64.Build.0 = Release|Any CPU
		{D6032825-B44A-4A8C-A30C-01B88EED6EC4}.Ad-Hoc|x64.Deploy.0 = Release|Any CPU
		{D6032825-B44A-4A8C-A30C-01B88EED6EC4}.Ad-Hoc|x86.ActiveCfg = Release|Any CPU
		{D6032825-B44A-4A8C-A30C-01B88EED6EC4}.Ad-Hoc|x86.Build.0 = Release|Any CPU
		{D6032825-B44A-4A8C-A30C-01B88EED6EC4}.Ad-Hoc|x86.Deploy.0 = Release|Any CPU
		{D6032825-B44A-4A8C-A30C-01B88EED6EC4}.AppStore|Any CPU.ActiveCfg = Release|Any CPU
		{D6032825-B44A-4A8C-A30C-01B88EED6EC4}.AppStore|Any CPU.Build.0 = Release|Any CPU
		{D6032825-B44A-4A8C-A30C-01B88EED6EC4}.AppStore|Any CPU.Deploy.0 = Release|Any CPU
		{D6032825-B44A-4A8C-A30C-01B88EED6EC4}.AppStore|ARM.ActiveCfg = Release|Any CPU
		{D6032825-B44A-4A8C-A30C-01B88EED6EC4}.AppStore|ARM.Build.0 = Release|Any CPU
		{D6032825-B44A-4A8C-A30C-01B88EED6EC4}.AppStore|ARM.Deploy.0 = Release|Any CPU
		{D6032825-B44A-4A8C-A30C-01B88EED6EC4}.AppStore|iPhone.ActiveCfg = Release|Any CPU
		{D6032825-B44A-4A8C-A30C-01B88EED6EC4}.AppStore|iPhone.Build.0 = Release|Any CPU
		{D6032825-B44A-4A8C-A30C-01B88EED6EC4}.AppStore|iPhone.Deploy.0 = Release|Any CPU
		{D6032825-B44A-4A8C-A30C-01B88EED6EC4}.AppStore|iPhoneSimulator.ActiveCfg = Release|Any CPU
		{D6032825-B44A-4A8C-A30C-01B88EED6EC4}.AppStore|iPhoneSimulator.Build.0 = Release|Any CPU
		{D6032825-B44A-4A8C-A30C-01B88EED6EC4}.AppStore|iPhoneSimulator.Deploy.0 = Release|Any CPU
		{D6032825-B44A-4A8C-A30C-01B88EED6EC4}.AppStore|x64.ActiveCfg = Release|Any CPU
		{D6032825-B44A-4A8C-A30C-01B88EED6EC4}.AppStore|x64.Build.0 = Release|Any CPU
		{D6032825-B44A-4A8C-A30C-01B88EED6EC4}.AppStore|x64.Deploy.0 = Release|Any CPU
		{D6032825-B44A-4A8C-A30C-01B88EED6EC4}.AppStore|x86.ActiveCfg = Release|Any CPU
		{D6032825-B44A-4A8C-A30C-01B88EED6EC4}.AppStore|x86.Build.0 = Release|Any CPU
		{D6032825-B44A-4A8C-A30C-01B88EED6EC4}.AppStore|x86.Deploy.0 = Release|Any CPU
		{D6032825-B44A-4A8C-A30C-01B88EED6EC4}.Debug|Any CPU.ActiveCfg = Debug|Any CPU
		{D6032825-B44A-4A8C-A30C-01B88EED6EC4}.Debug|Any CPU.Build.0 = Debug|Any CPU
		{D6032825-B44A-4A8C-A30C-01B88EED6EC4}.Debug|Any CPU.Deploy.0 = Debug|Any CPU
		{D6032825-B44A-4A8C-A30C-01B88EED6EC4}.Debug|ARM.ActiveCfg = Debug|Any CPU
		{D6032825-B44A-4A8C-A30C-01B88EED6EC4}.Debug|ARM.Build.0 = Debug|Any CPU
		{D6032825-B44A-4A8C-A30C-01B88EED6EC4}.Debug|ARM.Deploy.0 = Debug|Any CPU
		{D6032825-B44A-4A8C-A30C-01B88EED6EC4}.Debug|iPhone.ActiveCfg = Debug|Any CPU
		{D6032825-B44A-4A8C-A30C-01B88EED6EC4}.Debug|iPhone.Build.0 = Debug|Any CPU
		{D6032825-B44A-4A8C-A30C-01B88EED6EC4}.Debug|iPhone.Deploy.0 = Debug|Any CPU
		{D6032825-B44A-4A8C-A30C-01B88EED6EC4}.Debug|iPhoneSimulator.ActiveCfg = Debug|Any CPU
		{D6032825-B44A-4A8C-A30C-01B88EED6EC4}.Debug|iPhoneSimulator.Build.0 = Debug|Any CPU
		{D6032825-B44A-4A8C-A30C-01B88EED6EC4}.Debug|iPhoneSimulator.Deploy.0 = Debug|Any CPU
		{D6032825-B44A-4A8C-A30C-01B88EED6EC4}.Debug|x64.ActiveCfg = Debug|Any CPU
		{D6032825-B44A-4A8C-A30C-01B88EED6EC4}.Debug|x64.Build.0 = Debug|Any CPU
		{D6032825-B44A-4A8C-A30C-01B88EED6EC4}.Debug|x64.Deploy.0 = Debug|Any CPU
		{D6032825-B44A-4A8C-A30C-01B88EED6EC4}.Debug|x86.ActiveCfg = Debug|Any CPU
		{D6032825-B44A-4A8C-A30C-01B88EED6EC4}.Debug|x86.Build.0 = Debug|Any CPU
		{D6032825-B44A-4A8C-A30C-01B88EED6EC4}.Debug|x86.Deploy.0 = Debug|Any CPU
		{D6032825-B44A-4A8C-A30C-01B88EED6EC4}.Release|Any CPU.ActiveCfg = Release|Any CPU
		{D6032825-B44A-4A8C-A30C-01B88EED6EC4}.Release|Any CPU.Build.0 = Release|Any CPU
		{D6032825-B44A-4A8C-A30C-01B88EED6EC4}.Release|Any CPU.Deploy.0 = Release|Any CPU
		{D6032825-B44A-4A8C-A30C-01B88EED6EC4}.Release|ARM.ActiveCfg = Release|Any CPU
		{D6032825-B44A-4A8C-A30C-01B88EED6EC4}.Release|ARM.Build.0 = Release|Any CPU
		{D6032825-B44A-4A8C-A30C-01B88EED6EC4}.Release|ARM.Deploy.0 = Release|Any CPU
		{D6032825-B44A-4A8C-A30C-01B88EED6EC4}.Release|iPhone.ActiveCfg = Release|Any CPU
		{D6032825-B44A-4A8C-A30C-01B88EED6EC4}.Release|iPhone.Build.0 = Release|Any CPU
		{D6032825-B44A-4A8C-A30C-01B88EED6EC4}.Release|iPhone.Deploy.0 = Release|Any CPU
		{D6032825-B44A-4A8C-A30C-01B88EED6EC4}.Release|iPhoneSimulator.ActiveCfg = Release|Any CPU
		{D6032825-B44A-4A8C-A30C-01B88EED6EC4}.Release|iPhoneSimulator.Build.0 = Release|Any CPU
		{D6032825-B44A-4A8C-A30C-01B88EED6EC4}.Release|iPhoneSimulator.Deploy.0 = Release|Any CPU
		{D6032825-B44A-4A8C-A30C-01B88EED6EC4}.Release|x64.ActiveCfg = Release|Any CPU
		{D6032825-B44A-4A8C-A30C-01B88EED6EC4}.Release|x64.Build.0 = Release|Any CPU
		{D6032825-B44A-4A8C-A30C-01B88EED6EC4}.Release|x64.Deploy.0 = Release|Any CPU
		{D6032825-B44A-4A8C-A30C-01B88EED6EC4}.Release|x86.ActiveCfg = Release|Any CPU
		{D6032825-B44A-4A8C-A30C-01B88EED6EC4}.Release|x86.Build.0 = Release|Any CPU
		{D6032825-B44A-4A8C-A30C-01B88EED6EC4}.Release|x86.Deploy.0 = Release|Any CPU
		{BFDDCA4D-D615-46C7-8192-B5AF8B3C2F81}.Ad-Hoc|Any CPU.ActiveCfg = Ad-Hoc|iPhone
		{BFDDCA4D-D615-46C7-8192-B5AF8B3C2F81}.Ad-Hoc|Any CPU.Build.0 = Ad-Hoc|iPhone
		{BFDDCA4D-D615-46C7-8192-B5AF8B3C2F81}.Ad-Hoc|Any CPU.Deploy.0 = Ad-Hoc|iPhone
		{BFDDCA4D-D615-46C7-8192-B5AF8B3C2F81}.Ad-Hoc|ARM.ActiveCfg = Ad-Hoc|iPhone
		{BFDDCA4D-D615-46C7-8192-B5AF8B3C2F81}.Ad-Hoc|ARM.Build.0 = Ad-Hoc|iPhone
		{BFDDCA4D-D615-46C7-8192-B5AF8B3C2F81}.Ad-Hoc|ARM.Deploy.0 = Ad-Hoc|iPhone
		{BFDDCA4D-D615-46C7-8192-B5AF8B3C2F81}.Ad-Hoc|iPhone.ActiveCfg = Ad-Hoc|iPhone
		{BFDDCA4D-D615-46C7-8192-B5AF8B3C2F81}.Ad-Hoc|iPhone.Build.0 = Ad-Hoc|iPhone
		{BFDDCA4D-D615-46C7-8192-B5AF8B3C2F81}.Ad-Hoc|iPhone.Deploy.0 = Ad-Hoc|iPhone
		{BFDDCA4D-D615-46C7-8192-B5AF8B3C2F81}.Ad-Hoc|iPhoneSimulator.ActiveCfg = Ad-Hoc|iPhoneSimulator
		{BFDDCA4D-D615-46C7-8192-B5AF8B3C2F81}.Ad-Hoc|iPhoneSimulator.Build.0 = Ad-Hoc|iPhoneSimulator
		{BFDDCA4D-D615-46C7-8192-B5AF8B3C2F81}.Ad-Hoc|iPhoneSimulator.Deploy.0 = Ad-Hoc|iPhoneSimulator
		{BFDDCA4D-D615-46C7-8192-B5AF8B3C2F81}.Ad-Hoc|x64.ActiveCfg = Ad-Hoc|iPhone
		{BFDDCA4D-D615-46C7-8192-B5AF8B3C2F81}.Ad-Hoc|x64.Build.0 = Ad-Hoc|iPhone
		{BFDDCA4D-D615-46C7-8192-B5AF8B3C2F81}.Ad-Hoc|x64.Deploy.0 = Ad-Hoc|iPhone
		{BFDDCA4D-D615-46C7-8192-B5AF8B3C2F81}.Ad-Hoc|x86.ActiveCfg = Ad-Hoc|iPhone
		{BFDDCA4D-D615-46C7-8192-B5AF8B3C2F81}.Ad-Hoc|x86.Build.0 = Ad-Hoc|iPhone
		{BFDDCA4D-D615-46C7-8192-B5AF8B3C2F81}.Ad-Hoc|x86.Deploy.0 = Ad-Hoc|iPhone
		{BFDDCA4D-D615-46C7-8192-B5AF8B3C2F81}.AppStore|Any CPU.ActiveCfg = AppStore|iPhone
		{BFDDCA4D-D615-46C7-8192-B5AF8B3C2F81}.AppStore|Any CPU.Build.0 = AppStore|iPhone
		{BFDDCA4D-D615-46C7-8192-B5AF8B3C2F81}.AppStore|Any CPU.Deploy.0 = AppStore|iPhone
		{BFDDCA4D-D615-46C7-8192-B5AF8B3C2F81}.AppStore|ARM.ActiveCfg = AppStore|iPhone
		{BFDDCA4D-D615-46C7-8192-B5AF8B3C2F81}.AppStore|ARM.Build.0 = AppStore|iPhone
		{BFDDCA4D-D615-46C7-8192-B5AF8B3C2F81}.AppStore|ARM.Deploy.0 = AppStore|iPhone
		{BFDDCA4D-D615-46C7-8192-B5AF8B3C2F81}.AppStore|iPhone.ActiveCfg = AppStore|iPhone
		{BFDDCA4D-D615-46C7-8192-B5AF8B3C2F81}.AppStore|iPhone.Build.0 = AppStore|iPhone
		{BFDDCA4D-D615-46C7-8192-B5AF8B3C2F81}.AppStore|iPhone.Deploy.0 = AppStore|iPhone
		{BFDDCA4D-D615-46C7-8192-B5AF8B3C2F81}.AppStore|iPhoneSimulator.ActiveCfg = AppStore|iPhoneSimulator
		{BFDDCA4D-D615-46C7-8192-B5AF8B3C2F81}.AppStore|iPhoneSimulator.Build.0 = AppStore|iPhoneSimulator
		{BFDDCA4D-D615-46C7-8192-B5AF8B3C2F81}.AppStore|iPhoneSimulator.Deploy.0 = AppStore|iPhoneSimulator
		{BFDDCA4D-D615-46C7-8192-B5AF8B3C2F81}.AppStore|x64.ActiveCfg = AppStore|iPhone
		{BFDDCA4D-D615-46C7-8192-B5AF8B3C2F81}.AppStore|x64.Build.0 = AppStore|iPhone
		{BFDDCA4D-D615-46C7-8192-B5AF8B3C2F81}.AppStore|x64.Deploy.0 = AppStore|iPhone
		{BFDDCA4D-D615-46C7-8192-B5AF8B3C2F81}.AppStore|x86.ActiveCfg = AppStore|iPhone
		{BFDDCA4D-D615-46C7-8192-B5AF8B3C2F81}.AppStore|x86.Build.0 = AppStore|iPhone
		{BFDDCA4D-D615-46C7-8192-B5AF8B3C2F81}.AppStore|x86.Deploy.0 = AppStore|iPhone
		{BFDDCA4D-D615-46C7-8192-B5AF8B3C2F81}.Debug|Any CPU.ActiveCfg = Debug|iPhoneSimulator
		{BFDDCA4D-D615-46C7-8192-B5AF8B3C2F81}.Debug|Any CPU.Build.0 = Debug|iPhoneSimulator
		{BFDDCA4D-D615-46C7-8192-B5AF8B3C2F81}.Debug|Any CPU.Deploy.0 = Debug|iPhoneSimulator
		{BFDDCA4D-D615-46C7-8192-B5AF8B3C2F81}.Debug|ARM.ActiveCfg = Debug|iPhone
		{BFDDCA4D-D615-46C7-8192-B5AF8B3C2F81}.Debug|ARM.Build.0 = Debug|iPhone
		{BFDDCA4D-D615-46C7-8192-B5AF8B3C2F81}.Debug|ARM.Deploy.0 = Debug|iPhone
		{BFDDCA4D-D615-46C7-8192-B5AF8B3C2F81}.Debug|iPhone.ActiveCfg = Debug|iPhone
		{BFDDCA4D-D615-46C7-8192-B5AF8B3C2F81}.Debug|iPhone.Build.0 = Debug|iPhone
		{BFDDCA4D-D615-46C7-8192-B5AF8B3C2F81}.Debug|iPhone.Deploy.0 = Debug|iPhone
		{BFDDCA4D-D615-46C7-8192-B5AF8B3C2F81}.Debug|iPhoneSimulator.ActiveCfg = Debug|iPhoneSimulator
		{BFDDCA4D-D615-46C7-8192-B5AF8B3C2F81}.Debug|iPhoneSimulator.Build.0 = Debug|iPhoneSimulator
		{BFDDCA4D-D615-46C7-8192-B5AF8B3C2F81}.Debug|iPhoneSimulator.Deploy.0 = Debug|iPhoneSimulator
		{BFDDCA4D-D615-46C7-8192-B5AF8B3C2F81}.Debug|x64.ActiveCfg = Debug|iPhone
		{BFDDCA4D-D615-46C7-8192-B5AF8B3C2F81}.Debug|x64.Build.0 = Debug|iPhone
		{BFDDCA4D-D615-46C7-8192-B5AF8B3C2F81}.Debug|x64.Deploy.0 = Debug|iPhone
		{BFDDCA4D-D615-46C7-8192-B5AF8B3C2F81}.Debug|x86.ActiveCfg = Debug|iPhone
		{BFDDCA4D-D615-46C7-8192-B5AF8B3C2F81}.Debug|x86.Build.0 = Debug|iPhone
		{BFDDCA4D-D615-46C7-8192-B5AF8B3C2F81}.Debug|x86.Deploy.0 = Debug|iPhone
		{BFDDCA4D-D615-46C7-8192-B5AF8B3C2F81}.Release|Any CPU.ActiveCfg = Release|iPhone
		{BFDDCA4D-D615-46C7-8192-B5AF8B3C2F81}.Release|Any CPU.Build.0 = Release|iPhone
		{BFDDCA4D-D615-46C7-8192-B5AF8B3C2F81}.Release|Any CPU.Deploy.0 = Release|iPhone
		{BFDDCA4D-D615-46C7-8192-B5AF8B3C2F81}.Release|ARM.ActiveCfg = Release|iPhone
		{BFDDCA4D-D615-46C7-8192-B5AF8B3C2F81}.Release|ARM.Build.0 = Release|iPhone
		{BFDDCA4D-D615-46C7-8192-B5AF8B3C2F81}.Release|ARM.Deploy.0 = Release|iPhone
		{BFDDCA4D-D615-46C7-8192-B5AF8B3C2F81}.Release|iPhone.ActiveCfg = Release|iPhone
		{BFDDCA4D-D615-46C7-8192-B5AF8B3C2F81}.Release|iPhone.Build.0 = Release|iPhone
		{BFDDCA4D-D615-46C7-8192-B5AF8B3C2F81}.Release|iPhone.Deploy.0 = Release|iPhone
		{BFDDCA4D-D615-46C7-8192-B5AF8B3C2F81}.Release|iPhoneSimulator.ActiveCfg = Release|iPhoneSimulator
		{BFDDCA4D-D615-46C7-8192-B5AF8B3C2F81}.Release|iPhoneSimulator.Build.0 = Release|iPhoneSimulator
		{BFDDCA4D-D615-46C7-8192-B5AF8B3C2F81}.Release|iPhoneSimulator.Deploy.0 = Release|iPhoneSimulator
		{BFDDCA4D-D615-46C7-8192-B5AF8B3C2F81}.Release|x64.ActiveCfg = Release|iPhone
		{BFDDCA4D-D615-46C7-8192-B5AF8B3C2F81}.Release|x64.Build.0 = Release|iPhone
		{BFDDCA4D-D615-46C7-8192-B5AF8B3C2F81}.Release|x64.Deploy.0 = Release|iPhone
		{BFDDCA4D-D615-46C7-8192-B5AF8B3C2F81}.Release|x86.ActiveCfg = Release|iPhone
		{BFDDCA4D-D615-46C7-8192-B5AF8B3C2F81}.Release|x86.Build.0 = Release|iPhone
		{BFDDCA4D-D615-46C7-8192-B5AF8B3C2F81}.Release|x86.Deploy.0 = Release|iPhone
		{105AB691-D8FE-46C2-8F43-B700B98045CE}.Ad-Hoc|Any CPU.ActiveCfg = Release|x86
		{105AB691-D8FE-46C2-8F43-B700B98045CE}.Ad-Hoc|Any CPU.Build.0 = Release|x86
		{105AB691-D8FE-46C2-8F43-B700B98045CE}.Ad-Hoc|Any CPU.Deploy.0 = Release|x86
		{105AB691-D8FE-46C2-8F43-B700B98045CE}.Ad-Hoc|ARM.ActiveCfg = Release|ARM
		{105AB691-D8FE-46C2-8F43-B700B98045CE}.Ad-Hoc|ARM.Build.0 = Release|ARM
		{105AB691-D8FE-46C2-8F43-B700B98045CE}.Ad-Hoc|ARM.Deploy.0 = Release|ARM
		{105AB691-D8FE-46C2-8F43-B700B98045CE}.Ad-Hoc|iPhone.ActiveCfg = Release|x86
		{105AB691-D8FE-46C2-8F43-B700B98045CE}.Ad-Hoc|iPhone.Build.0 = Release|x86
		{105AB691-D8FE-46C2-8F43-B700B98045CE}.Ad-Hoc|iPhone.Deploy.0 = Release|x86
		{105AB691-D8FE-46C2-8F43-B700B98045CE}.Ad-Hoc|iPhoneSimulator.ActiveCfg = Release|x86
		{105AB691-D8FE-46C2-8F43-B700B98045CE}.Ad-Hoc|iPhoneSimulator.Build.0 = Release|x86
		{105AB691-D8FE-46C2-8F43-B700B98045CE}.Ad-Hoc|iPhoneSimulator.Deploy.0 = Release|x86
		{105AB691-D8FE-46C2-8F43-B700B98045CE}.Ad-Hoc|x64.ActiveCfg = Release|x64
		{105AB691-D8FE-46C2-8F43-B700B98045CE}.Ad-Hoc|x64.Build.0 = Release|x64
		{105AB691-D8FE-46C2-8F43-B700B98045CE}.Ad-Hoc|x64.Deploy.0 = Release|x64
		{105AB691-D8FE-46C2-8F43-B700B98045CE}.Ad-Hoc|x86.ActiveCfg = Release|x86
		{105AB691-D8FE-46C2-8F43-B700B98045CE}.Ad-Hoc|x86.Build.0 = Release|x86
		{105AB691-D8FE-46C2-8F43-B700B98045CE}.Ad-Hoc|x86.Deploy.0 = Release|x86
		{105AB691-D8FE-46C2-8F43-B700B98045CE}.AppStore|Any CPU.ActiveCfg = Release|x86
		{105AB691-D8FE-46C2-8F43-B700B98045CE}.AppStore|Any CPU.Build.0 = Release|x86
		{105AB691-D8FE-46C2-8F43-B700B98045CE}.AppStore|Any CPU.Deploy.0 = Release|x86
		{105AB691-D8FE-46C2-8F43-B700B98045CE}.AppStore|ARM.ActiveCfg = Release|ARM
		{105AB691-D8FE-46C2-8F43-B700B98045CE}.AppStore|ARM.Build.0 = Release|ARM
		{105AB691-D8FE-46C2-8F43-B700B98045CE}.AppStore|ARM.Deploy.0 = Release|ARM
		{105AB691-D8FE-46C2-8F43-B700B98045CE}.AppStore|iPhone.ActiveCfg = Release|x86
		{105AB691-D8FE-46C2-8F43-B700B98045CE}.AppStore|iPhone.Build.0 = Release|x86
		{105AB691-D8FE-46C2-8F43-B700B98045CE}.AppStore|iPhone.Deploy.0 = Release|x86
		{105AB691-D8FE-46C2-8F43-B700B98045CE}.AppStore|iPhoneSimulator.ActiveCfg = Release|x86
		{105AB691-D8FE-46C2-8F43-B700B98045CE}.AppStore|iPhoneSimulator.Build.0 = Release|x86
		{105AB691-D8FE-46C2-8F43-B700B98045CE}.AppStore|iPhoneSimulator.Deploy.0 = Release|x86
		{105AB691-D8FE-46C2-8F43-B700B98045CE}.AppStore|x64.ActiveCfg = Release|x64
		{105AB691-D8FE-46C2-8F43-B700B98045CE}.AppStore|x64.Build.0 = Release|x64
		{105AB691-D8FE-46C2-8F43-B700B98045CE}.AppStore|x64.Deploy.0 = Release|x64
		{105AB691-D8FE-46C2-8F43-B700B98045CE}.AppStore|x86.ActiveCfg = Release|x86
		{105AB691-D8FE-46C2-8F43-B700B98045CE}.AppStore|x86.Build.0 = Release|x86
		{105AB691-D8FE-46C2-8F43-B700B98045CE}.AppStore|x86.Deploy.0 = Release|x86
		{105AB691-D8FE-46C2-8F43-B700B98045CE}.Debug|Any CPU.ActiveCfg = Debug|x86
		{105AB691-D8FE-46C2-8F43-B700B98045CE}.Debug|Any CPU.Build.0 = Debug|x86
		{105AB691-D8FE-46C2-8F43-B700B98045CE}.Debug|Any CPU.Deploy.0 = Debug|x86
		{105AB691-D8FE-46C2-8F43-B700B98045CE}.Debug|ARM.ActiveCfg = Debug|ARM
		{105AB691-D8FE-46C2-8F43-B700B98045CE}.Debug|ARM.Build.0 = Debug|ARM
		{105AB691-D8FE-46C2-8F43-B700B98045CE}.Debug|ARM.Deploy.0 = Debug|ARM
		{105AB691-D8FE-46C2-8F43-B700B98045CE}.Debug|iPhone.ActiveCfg = Debug|x86
		{105AB691-D8FE-46C2-8F43-B700B98045CE}.Debug|iPhone.Build.0 = Debug|x86
		{105AB691-D8FE-46C2-8F43-B700B98045CE}.Debug|iPhone.Deploy.0 = Debug|x86
		{105AB691-D8FE-46C2-8F43-B700B98045CE}.Debug|iPhoneSimulator.ActiveCfg = Debug|x86
		{105AB691-D8FE-46C2-8F43-B700B98045CE}.Debug|iPhoneSimulator.Build.0 = Debug|x86
		{105AB691-D8FE-46C2-8F43-B700B98045CE}.Debug|iPhoneSimulator.Deploy.0 = Debug|x86
		{105AB691-D8FE-46C2-8F43-B700B98045CE}.Debug|x64.ActiveCfg = Debug|x64
		{105AB691-D8FE-46C2-8F43-B700B98045CE}.Debug|x64.Build.0 = Debug|x64
		{105AB691-D8FE-46C2-8F43-B700B98045CE}.Debug|x64.Deploy.0 = Debug|x64
		{105AB691-D8FE-46C2-8F43-B700B98045CE}.Debug|x86.ActiveCfg = Debug|x86
		{105AB691-D8FE-46C2-8F43-B700B98045CE}.Debug|x86.Build.0 = Debug|x86
		{105AB691-D8FE-46C2-8F43-B700B98045CE}.Debug|x86.Deploy.0 = Debug|x86
		{105AB691-D8FE-46C2-8F43-B700B98045CE}.Release|Any CPU.ActiveCfg = Release|x86
		{105AB691-D8FE-46C2-8F43-B700B98045CE}.Release|Any CPU.Build.0 = Release|x86
		{105AB691-D8FE-46C2-8F43-B700B98045CE}.Release|Any CPU.Deploy.0 = Release|x86
		{105AB691-D8FE-46C2-8F43-B700B98045CE}.Release|ARM.ActiveCfg = Release|ARM
		{105AB691-D8FE-46C2-8F43-B700B98045CE}.Release|ARM.Build.0 = Release|ARM
		{105AB691-D8FE-46C2-8F43-B700B98045CE}.Release|ARM.Deploy.0 = Release|ARM
		{105AB691-D8FE-46C2-8F43-B700B98045CE}.Release|iPhone.ActiveCfg = Release|x86
		{105AB691-D8FE-46C2-8F43-B700B98045CE}.Release|iPhone.Build.0 = Release|x86
		{105AB691-D8FE-46C2-8F43-B700B98045CE}.Release|iPhone.Deploy.0 = Release|x86
		{105AB691-D8FE-46C2-8F43-B700B98045CE}.Release|iPhoneSimulator.ActiveCfg = Release|x86
		{105AB691-D8FE-46C2-8F43-B700B98045CE}.Release|iPhoneSimulator.Build.0 = Release|x86
		{105AB691-D8FE-46C2-8F43-B700B98045CE}.Release|iPhoneSimulator.Deploy.0 = Release|x86
		{105AB691-D8FE-46C2-8F43-B700B98045CE}.Release|x64.ActiveCfg = Release|x64
		{105AB691-D8FE-46C2-8F43-B700B98045CE}.Release|x64.Build.0 = Release|x64
		{105AB691-D8FE-46C2-8F43-B700B98045CE}.Release|x64.Deploy.0 = Release|x64
		{105AB691-D8FE-46C2-8F43-B700B98045CE}.Release|x86.ActiveCfg = Release|x86
		{105AB691-D8FE-46C2-8F43-B700B98045CE}.Release|x86.Build.0 = Release|x86
		{105AB691-D8FE-46C2-8F43-B700B98045CE}.Release|x86.Deploy.0 = Release|x86
		{0FCF1535-C065-43BB-A7F0-89F334673B79}.Ad-Hoc|Any CPU.ActiveCfg = Debug|Any CPU
		{0FCF1535-C065-43BB-A7F0-89F334673B79}.Ad-Hoc|Any CPU.Build.0 = Debug|Any CPU
		{0FCF1535-C065-43BB-A7F0-89F334673B79}.Ad-Hoc|Any CPU.Deploy.0 = Debug|Any CPU
		{0FCF1535-C065-43BB-A7F0-89F334673B79}.Ad-Hoc|ARM.ActiveCfg = Debug|Any CPU
		{0FCF1535-C065-43BB-A7F0-89F334673B79}.Ad-Hoc|ARM.Build.0 = Debug|Any CPU
		{0FCF1535-C065-43BB-A7F0-89F334673B79}.Ad-Hoc|ARM.Deploy.0 = Debug|Any CPU
		{0FCF1535-C065-43BB-A7F0-89F334673B79}.Ad-Hoc|iPhone.ActiveCfg = Debug|Any CPU
		{0FCF1535-C065-43BB-A7F0-89F334673B79}.Ad-Hoc|iPhone.Build.0 = Debug|Any CPU
		{0FCF1535-C065-43BB-A7F0-89F334673B79}.Ad-Hoc|iPhone.Deploy.0 = Debug|Any CPU
		{0FCF1535-C065-43BB-A7F0-89F334673B79}.Ad-Hoc|iPhoneSimulator.ActiveCfg = Debug|Any CPU
		{0FCF1535-C065-43BB-A7F0-89F334673B79}.Ad-Hoc|iPhoneSimulator.Build.0 = Debug|Any CPU
		{0FCF1535-C065-43BB-A7F0-89F334673B79}.Ad-Hoc|iPhoneSimulator.Deploy.0 = Debug|Any CPU
		{0FCF1535-C065-43BB-A7F0-89F334673B79}.Ad-Hoc|x64.ActiveCfg = Debug|Any CPU
		{0FCF1535-C065-43BB-A7F0-89F334673B79}.Ad-Hoc|x64.Build.0 = Debug|Any CPU
		{0FCF1535-C065-43BB-A7F0-89F334673B79}.Ad-Hoc|x64.Deploy.0 = Debug|Any CPU
		{0FCF1535-C065-43BB-A7F0-89F334673B79}.Ad-Hoc|x86.ActiveCfg = Debug|Any CPU
		{0FCF1535-C065-43BB-A7F0-89F334673B79}.Ad-Hoc|x86.Build.0 = Debug|Any CPU
		{0FCF1535-C065-43BB-A7F0-89F334673B79}.Ad-Hoc|x86.Deploy.0 = Debug|Any CPU
		{0FCF1535-C065-43BB-A7F0-89F334673B79}.AppStore|Any CPU.ActiveCfg = Debug|Any CPU
		{0FCF1535-C065-43BB-A7F0-89F334673B79}.AppStore|Any CPU.Build.0 = Debug|Any CPU
		{0FCF1535-C065-43BB-A7F0-89F334673B79}.AppStore|Any CPU.Deploy.0 = Debug|Any CPU
		{0FCF1535-C065-43BB-A7F0-89F334673B79}.AppStore|ARM.ActiveCfg = Debug|Any CPU
		{0FCF1535-C065-43BB-A7F0-89F334673B79}.AppStore|ARM.Build.0 = Debug|Any CPU
		{0FCF1535-C065-43BB-A7F0-89F334673B79}.AppStore|ARM.Deploy.0 = Debug|Any CPU
		{0FCF1535-C065-43BB-A7F0-89F334673B79}.AppStore|iPhone.ActiveCfg = Debug|Any CPU
		{0FCF1535-C065-43BB-A7F0-89F334673B79}.AppStore|iPhone.Build.0 = Debug|Any CPU
		{0FCF1535-C065-43BB-A7F0-89F334673B79}.AppStore|iPhone.Deploy.0 = Debug|Any CPU
		{0FCF1535-C065-43BB-A7F0-89F334673B79}.AppStore|iPhoneSimulator.ActiveCfg = Debug|Any CPU
		{0FCF1535-C065-43BB-A7F0-89F334673B79}.AppStore|iPhoneSimulator.Build.0 = Debug|Any CPU
		{0FCF1535-C065-43BB-A7F0-89F334673B79}.AppStore|iPhoneSimulator.Deploy.0 = Debug|Any CPU
		{0FCF1535-C065-43BB-A7F0-89F334673B79}.AppStore|x64.ActiveCfg = Debug|Any CPU
		{0FCF1535-C065-43BB-A7F0-89F334673B79}.AppStore|x64.Build.0 = Debug|Any CPU
		{0FCF1535-C065-43BB-A7F0-89F334673B79}.AppStore|x64.Deploy.0 = Debug|Any CPU
		{0FCF1535-C065-43BB-A7F0-89F334673B79}.AppStore|x86.ActiveCfg = Debug|Any CPU
		{0FCF1535-C065-43BB-A7F0-89F334673B79}.AppStore|x86.Build.0 = Debug|Any CPU
		{0FCF1535-C065-43BB-A7F0-89F334673B79}.AppStore|x86.Deploy.0 = Debug|Any CPU
		{0FCF1535-C065-43BB-A7F0-89F334673B79}.Debug|Any CPU.ActiveCfg = Debug|Any CPU
		{0FCF1535-C065-43BB-A7F0-89F334673B79}.Debug|Any CPU.Build.0 = Debug|Any CPU
		{0FCF1535-C065-43BB-A7F0-89F334673B79}.Debug|Any CPU.Deploy.0 = Debug|Any CPU
		{0FCF1535-C065-43BB-A7F0-89F334673B79}.Debug|ARM.ActiveCfg = Debug|Any CPU
		{0FCF1535-C065-43BB-A7F0-89F334673B79}.Debug|ARM.Build.0 = Debug|Any CPU
		{0FCF1535-C065-43BB-A7F0-89F334673B79}.Debug|ARM.Deploy.0 = Debug|Any CPU
		{0FCF1535-C065-43BB-A7F0-89F334673B79}.Debug|iPhone.ActiveCfg = Debug|Any CPU
		{0FCF1535-C065-43BB-A7F0-89F334673B79}.Debug|iPhone.Build.0 = Debug|Any CPU
		{0FCF1535-C065-43BB-A7F0-89F334673B79}.Debug|iPhone.Deploy.0 = Debug|Any CPU
		{0FCF1535-C065-43BB-A7F0-89F334673B79}.Debug|iPhoneSimulator.ActiveCfg = Debug|Any CPU
		{0FCF1535-C065-43BB-A7F0-89F334673B79}.Debug|iPhoneSimulator.Build.0 = Debug|Any CPU
		{0FCF1535-C065-43BB-A7F0-89F334673B79}.Debug|iPhoneSimulator.Deploy.0 = Debug|Any CPU
		{0FCF1535-C065-43BB-A7F0-89F334673B79}.Debug|x64.ActiveCfg = Debug|Any CPU
		{0FCF1535-C065-43BB-A7F0-89F334673B79}.Debug|x64.Build.0 = Debug|Any CPU
		{0FCF1535-C065-43BB-A7F0-89F334673B79}.Debug|x64.Deploy.0 = Debug|Any CPU
		{0FCF1535-C065-43BB-A7F0-89F334673B79}.Debug|x86.ActiveCfg = Debug|Any CPU
		{0FCF1535-C065-43BB-A7F0-89F334673B79}.Debug|x86.Build.0 = Debug|Any CPU
		{0FCF1535-C065-43BB-A7F0-89F334673B79}.Debug|x86.Deploy.0 = Debug|Any CPU
		{0FCF1535-C065-43BB-A7F0-89F334673B79}.Release|Any CPU.ActiveCfg = Release|Any CPU
		{0FCF1535-C065-43BB-A7F0-89F334673B79}.Release|Any CPU.Build.0 = Release|Any CPU
		{0FCF1535-C065-43BB-A7F0-89F334673B79}.Release|Any CPU.Deploy.0 = Release|Any CPU
		{0FCF1535-C065-43BB-A7F0-89F334673B79}.Release|ARM.ActiveCfg = Release|Any CPU
		{0FCF1535-C065-43BB-A7F0-89F334673B79}.Release|ARM.Build.0 = Release|Any CPU
		{0FCF1535-C065-43BB-A7F0-89F334673B79}.Release|ARM.Deploy.0 = Release|Any CPU
		{0FCF1535-C065-43BB-A7F0-89F334673B79}.Release|iPhone.ActiveCfg = Release|Any CPU
		{0FCF1535-C065-43BB-A7F0-89F334673B79}.Release|iPhone.Build.0 = Release|Any CPU
		{0FCF1535-C065-43BB-A7F0-89F334673B79}.Release|iPhone.Deploy.0 = Release|Any CPU
		{0FCF1535-C065-43BB-A7F0-89F334673B79}.Release|iPhoneSimulator.ActiveCfg = Release|Any CPU
		{0FCF1535-C065-43BB-A7F0-89F334673B79}.Release|iPhoneSimulator.Build.0 = Release|Any CPU
		{0FCF1535-C065-43BB-A7F0-89F334673B79}.Release|iPhoneSimulator.Deploy.0 = Release|Any CPU
		{0FCF1535-C065-43BB-A7F0-89F334673B79}.Release|x64.ActiveCfg = Release|Any CPU
		{0FCF1535-C065-43BB-A7F0-89F334673B79}.Release|x64.Build.0 = Release|Any CPU
		{0FCF1535-C065-43BB-A7F0-89F334673B79}.Release|x64.Deploy.0 = Release|Any CPU
		{0FCF1535-C065-43BB-A7F0-89F334673B79}.Release|x86.ActiveCfg = Release|Any CPU
		{0FCF1535-C065-43BB-A7F0-89F334673B79}.Release|x86.Build.0 = Release|Any CPU
		{0FCF1535-C065-43BB-A7F0-89F334673B79}.Release|x86.Deploy.0 = Release|Any CPU
	EndGlobalSection
	GlobalSection(SolutionProperties) = preSolution
		HideSolutionNode = FALSE
	EndGlobalSection
	GlobalSection(ExtensibilityGlobals) = postSolution
		SolutionGuid = {B9D3343A-7665-4ADC-B37D-BAE1529803D5}
	EndGlobalSection
EndGlobal
